
Microsoft Visual Studio Solution File, Format Version 12.00
# Visual Studio Version 16
VisualStudioVersion = 16.0.30709.64
MinimumVisualStudioVersion = 10.0.40219.1
Project("{9A19103F-16F7-4668-BE54-9A1E7A4F7556}") = "VerifyProjectReferences", "src/VerifyProjectReferences.csproj", "{6F661442-8267-40BA-B984-B48BF1DC38D8}"
EndProject
Project("{2150E333-8FDC-42A3-9474-1A3956D46DE8}") = "Solution Items", "Solution Items", "{29631BE0-1DDD-4846-A61A-E3E8EC9F7C1B}"
	ProjectSection(SolutionItems) = preProject
		.editorconfig = .editorconfig
	EndProjectSection
EndProject
Global
	GlobalSection(SolutionConfigurationPlatforms) = preSolution
		Debug|Any CPU = Debug|Any CPU
		Release|Any CPU = Release|Any CPU
	EndGlobalSection
	GlobalSection(ProjectConfigurationPlatforms) = postSolution
		{6F661442-8267-40BA-B984-B48BF1DC38D8}.Debug|Any CPU.ActiveCfg = Debug|Any CPU
		{6F661442-8267-40BA-B984-B48BF1DC38D8}.Debug|Any CPU.Build.0 = Debug|Any CPU
		{6F661442-8267-40BA-B984-B48BF1DC38D8}.Release|Any CPU.ActiveCfg = Release|Any CPU
		{6F661442-8267-40BA-B984-B48BF1DC38D8}.Release|Any CPU.Build.0 = Release|Any CPU
	EndGlobalSection
	GlobalSection(SolutionProperties) = preSolution
		HideSolutionNode = FALSE
	EndGlobalSection
	GlobalSection(ExtensibilityGlobals) = postSolution
		SolutionGuid = {70F97921-89DD-47C7-94C5-A958C2BD2F75}
	EndGlobalSection
EndGlobal
